
Microsoft Visual Studio Solution File, Format Version 12.00
# Visual Studio Version 16
VisualStudioVersion = 16.0.32413.511
MinimumVisualStudioVersion = 10.0.40219.1
Project("{FAE04EC0-301F-11D3-BF4B-00C04F79EFBC}") = "Taller1.1", "Taller1.1.csproj", "{186FDF38-0078-4033-9E2D-1EBE11F29862}"
EndProject
Global
	GlobalSection(SolutionConfigurationPlatforms) = preSolution
		Debug|Any CPU = Debug|Any CPU
		Release|Any CPU = Release|Any CPU
	EndGlobalSection
	GlobalSection(ProjectConfigurationPlatforms) = postSolution
		{186FDF38-0078-4033-9E2D-1EBE11F29862}.Debug|Any CPU.ActiveCfg = Debug|Any CPU
		{186FDF38-0078-4033-9E2D-1EBE11F29862}.Debug|Any CPU.Build.0 = Debug|Any CPU
		{186FDF38-0078-4033-9E2D-1EBE11F29862}.Release|Any CPU.ActiveCfg = Release|Any CPU
		{186FDF38-0078-4033-9E2D-1EBE11F29862}.Release|Any CPU.Build.0 = Release|Any CPU
	EndGlobalSection
	GlobalSection(SolutionProperties) = preSolution
		HideSolutionNode = FALSE
	EndGlobalSection
	GlobalSection(ExtensibilityGlobals) = postSolution
		SolutionGuid = {C0FC303E-6EA3-4974-8093-A5128AB21EB7}
	EndGlobalSection
EndGlobal
