
Microsoft Visual Studio Solution File, Format Version 12.00
# Visual Studio Version 16
VisualStudioVersion = 16.0.29806.167
MinimumVisualStudioVersion = 10.0.40219.1
Project("{FAE04EC0-301F-11D3-BF4B-00C04F79EFBC}") = "taller 3_7", "taller 3_7.csproj", "{1422140B-BDBE-456F-B857-081F161D7B12}"
EndProject
Global
	GlobalSection(SolutionConfigurationPlatforms) = preSolution
		Debug|Any CPU = Debug|Any CPU
		Release|Any CPU = Release|Any CPU
	EndGlobalSection
	GlobalSection(ProjectConfigurationPlatforms) = postSolution
		{1422140B-BDBE-456F-B857-081F161D7B12}.Debug|Any CPU.ActiveCfg = Debug|Any CPU
		{1422140B-BDBE-456F-B857-081F161D7B12}.Debug|Any CPU.Build.0 = Debug|Any CPU
		{1422140B-BDBE-456F-B857-081F161D7B12}.Release|Any CPU.ActiveCfg = Release|Any CPU
		{1422140B-BDBE-456F-B857-081F161D7B12}.Release|Any CPU.Build.0 = Release|Any CPU
	EndGlobalSection
	GlobalSection(SolutionProperties) = preSolution
		HideSolutionNode = FALSE
	EndGlobalSection
	GlobalSection(ExtensibilityGlobals) = postSolution
		SolutionGuid = {DE55A2EB-B934-4096-A5BF-D2CB9C062588}
	EndGlobalSection
EndGlobal
